
Microsoft Visual Studio Solution File, Format Version 12.00
# Visual Studio Version 17
VisualStudioVersion = 17.2.32210.308
MinimumVisualStudioVersion = 10.0.40219.1
Project("{9A19103F-16F7-4668-BE54-9A1E7A4F7556}") = "ReflectiveUI.Core", "ReflectiveUI.Core\ReflectiveUI.Core.csproj", "{60FABC97-2D6D-4669-8490-9F258A0E57A8}"
EndProject
Project("{9A19103F-16F7-4668-BE54-9A1E7A4F7556}") = "ReflectiveUI.Core.Tests", "ReflectiveUI.Core.Tests\ReflectiveUI.Core.Tests.csproj", "{1267EDDC-9E21-40F4-A2B3-5A08A06B207C}"
EndProject
Project("{9A19103F-16F7-4668-BE54-9A1E7A4F7556}") = "ReflectiveUI.Blazor", "ReflectiveUI.Blazor\ReflectiveUI.Blazor.csproj", "{A8D43AC1-242D-422E-A0A5-017E1D9E4FF2}"
EndProject
Project("{2150E333-8FDC-42A3-9474-1A3956D46DE8}") = "Samples", "Samples", "{8A01AB1D-DD5C-43FE-A103-65547C98B9B7}"
EndProject
Project("{9A19103F-16F7-4668-BE54-9A1E7A4F7556}") = "ClockPulseGenerator.UI.Blazor.Server", "Samples\ClockPulseGenerator\ClockPulseGenerator.UI.Blazor.Server\ClockPulseGenerator.UI.Blazor.Server.csproj", "{F8DB6898-3990-4503-8D9F-ABA55F40D55E}"
EndProject
Project("{9A19103F-16F7-4668-BE54-9A1E7A4F7556}") = "ClockPulseGenerator", "Samples\ClockPulseGenerator\ClockPulseGenerator\ClockPulseGenerator.csproj", "{45B3213B-FCB2-47E5-ACE0-E38856A5BC63}"
EndProject
Project("{2150E333-8FDC-42A3-9474-1A3956D46DE8}") = "ClockPulseGenerator", "ClockPulseGenerator", "{CC9B3D35-5B69-412D-98F0-A9A537D953DC}"
EndProject
Project("{2150E333-8FDC-42A3-9474-1A3956D46DE8}") = "docs", "docs", "{ED39A9FC-75CD-4AD7-9DB4-1F6742AB5AA2}"
	ProjectSection(SolutionItems) = preProject
		reference.md = reference.md
	EndProjectSection
EndProject
Project("{FAE04EC0-301F-11D3-BF4B-00C04F79EFBC}") = "ReflectiveUI.Blazor.Tests", "ReflectiveUI.Blazor.Tests\ReflectiveUI.Blazor.Tests.csproj", "{3856466C-E7B6-4DD0-A433-E0ABA4171ED6}"
EndProject
Global
	GlobalSection(SolutionConfigurationPlatforms) = preSolution
		Debug|Any CPU = Debug|Any CPU
		Release|Any CPU = Release|Any CPU
	EndGlobalSection
	GlobalSection(ProjectConfigurationPlatforms) = postSolution
		{60FABC97-2D6D-4669-8490-9F258A0E57A8}.Debug|Any CPU.ActiveCfg = Debug|Any CPU
		{60FABC97-2D6D-4669-8490-9F258A0E57A8}.Debug|Any CPU.Build.0 = Debug|Any CPU
		{60FABC97-2D6D-4669-8490-9F258A0E57A8}.Release|Any CPU.ActiveCfg = Release|Any CPU
		{60FABC97-2D6D-4669-8490-9F258A0E57A8}.Release|Any CPU.Build.0 = Release|Any CPU
		{1267EDDC-9E21-40F4-A2B3-5A08A06B207C}.Debug|Any CPU.ActiveCfg = Debug|Any CPU
		{1267EDDC-9E21-40F4-A2B3-5A08A06B207C}.Debug|Any CPU.Build.0 = Debug|Any CPU
		{1267EDDC-9E21-40F4-A2B3-5A08A06B207C}.Release|Any CPU.ActiveCfg = Release|Any CPU
		{1267EDDC-9E21-40F4-A2B3-5A08A06B207C}.Release|Any CPU.Build.0 = Release|Any CPU
		{A8D43AC1-242D-422E-A0A5-017E1D9E4FF2}.Debug|Any CPU.ActiveCfg = Debug|Any CPU
		{A8D43AC1-242D-422E-A0A5-017E1D9E4FF2}.Debug|Any CPU.Build.0 = Debug|Any CPU
		{A8D43AC1-242D-422E-A0A5-017E1D9E4FF2}.Release|Any CPU.ActiveCfg = Release|Any CPU
		{A8D43AC1-242D-422E-A0A5-017E1D9E4FF2}.Release|Any CPU.Build.0 = Release|Any CPU
		{F8DB6898-3990-4503-8D9F-ABA55F40D55E}.Debug|Any CPU.ActiveCfg = Debug|Any CPU
		{F8DB6898-3990-4503-8D9F-ABA55F40D55E}.Debug|Any CPU.Build.0 = Debug|Any CPU
		{F8DB6898-3990-4503-8D9F-ABA55F40D55E}.Release|Any CPU.ActiveCfg = Release|Any CPU
		{F8DB6898-3990-4503-8D9F-ABA55F40D55E}.Release|Any CPU.Build.0 = Release|Any CPU
		{45B3213B-FCB2-47E5-ACE0-E38856A5BC63}.Debug|Any CPU.ActiveCfg = Debug|Any CPU
		{45B3213B-FCB2-47E5-ACE0-E38856A5BC63}.Debug|Any CPU.Build.0 = Debug|Any CPU
		{45B3213B-FCB2-47E5-ACE0-E38856A5BC63}.Release|Any CPU.ActiveCfg = Release|Any CPU
		{45B3213B-FCB2-47E5-ACE0-E38856A5BC63}.Release|Any CPU.Build.0 = Release|Any CPU
		{3856466C-E7B6-4DD0-A433-E0ABA4171ED6}.Debug|Any CPU.ActiveCfg = Debug|Any CPU
		{3856466C-E7B6-4DD0-A433-E0ABA4171ED6}.Debug|Any CPU.Build.0 = Debug|Any CPU
		{3856466C-E7B6-4DD0-A433-E0ABA4171ED6}.Release|Any CPU.ActiveCfg = Release|Any CPU
		{3856466C-E7B6-4DD0-A433-E0ABA4171ED6}.Release|Any CPU.Build.0 = Release|Any CPU
	EndGlobalSection
	GlobalSection(SolutionProperties) = preSolution
		HideSolutionNode = FALSE
	EndGlobalSection
	GlobalSection(NestedProjects) = preSolution
		{F8DB6898-3990-4503-8D9F-ABA55F40D55E} = {CC9B3D35-5B69-412D-98F0-A9A537D953DC}
		{45B3213B-FCB2-47E5-ACE0-E38856A5BC63} = {CC9B3D35-5B69-412D-98F0-A9A537D953DC}
		{CC9B3D35-5B69-412D-98F0-A9A537D953DC} = {8A01AB1D-DD5C-43FE-A103-65547C98B9B7}
	EndGlobalSection
	GlobalSection(ExtensibilityGlobals) = postSolution
		SolutionGuid = {C29CA3E1-F5E2-4C82-A120-713E4F2956DE}
	EndGlobalSection
EndGlobal
