
Microsoft Visual Studio Solution File, Format Version 12.00
# Visual Studio Version 17
VisualStudioVersion = 17.2.32210.308
MinimumVisualStudioVersion = 10.0.40219.1
Project("{9A19103F-16F7-4668-BE54-9A1E7A4F7556}") = "ValuedTime.WebClient", "ValuedTime.WebClient\ValuedTime.WebClient.csproj", "{48D09EEB-EA96-4297-AAB6-3671634E3CAB}"
EndProject
Project("{9A19103F-16F7-4668-BE54-9A1E7A4F7556}") = "ValuedTime.App", "ValuedTime.App\ValuedTime.App.csproj", "{8B26C26F-ABCA-40F0-9A3E-176ED07544F6}"
EndProject
Project("{9A19103F-16F7-4668-BE54-9A1E7A4F7556}") = "ValuedTime.App.Tests", "ValuedTime.App.Tests\ValuedTime.App.Tests.csproj", "{2185641A-5F54-43AA-9A8B-4F92B01F089B}"
EndProject
Project("{9A19103F-16F7-4668-BE54-9A1E7A4F7556}") = "ValuedTime.Domain", "ValuedTime.Domain\ValuedTime.Domain.csproj", "{EB220AC1-E619-423D-86DE-D25AED9A5A26}"
EndProject
Project("{2150E333-8FDC-42A3-9474-1A3956D46DE8}") = "Misc", "Misc", "{050608C2-2885-4262-AA05-CBA0DA40A146}"
	ProjectSection(SolutionItems) = preProject
		..\README.md = ..\README.md
		QuickApp.Blazor\readme_2.md = QuickApp.Blazor\readme_2.md
	EndProjectSection
EndProject
Project("{9A19103F-16F7-4668-BE54-9A1E7A4F7556}") = "QuickApp", "ValuedTime.Quick\QuickApp.csproj", "{809FEE03-851D-4A7A-B82D-B129BC414125}"
EndProject
Project("{9A19103F-16F7-4668-BE54-9A1E7A4F7556}") = "QuickApp.Blazor", "QuickApp.Blazor\QuickApp.Blazor.csproj", "{ED26E3D5-BE79-4B1A-9956-DD6E764C266A}"
EndProject
Project("{9A19103F-16F7-4668-BE54-9A1E7A4F7556}") = "QuickApp.Blazor.Server", "QuickApp.Blazor.Server\QuickApp.Blazor.Server.csproj", "{0D8CF81E-BEAF-4536-A050-8150354C456D}"
EndProject
Project("{9A19103F-16F7-4668-BE54-9A1E7A4F7556}") = "QuickApp.Blazor", "QuickApp.Blazor.Common\QuickApp.Blazor.csproj", "{1B537D0F-391B-413A-876A-48D29FA9F20C}"
EndProject
Project("{2150E333-8FDC-42A3-9474-1A3956D46DE8}") = "Archive", "Archive", "{FE2D06AE-0421-4138-8F8F-D87E41A6B6F2}"
EndProject
Project("{9A19103F-16F7-4668-BE54-9A1E7A4F7556}") = "ClockGeneratorAPI", "BeatGenerator\ClockGeneratorAPI.csproj", "{439B0F40-533C-4478-96A0-5B07B18C5E80}"
EndProject
Project("{FAE04EC0-301F-11D3-BF4B-00C04F79EFBC}") = "PresentationSlides", "PresentationSlides\PresentationSlides.csproj", "{6F45D863-C8E3-4CE9-870F-2B3D8CA6474D}"
EndProject
Global
	GlobalSection(SolutionConfigurationPlatforms) = preSolution
		Debug|Any CPU = Debug|Any CPU
		Release|Any CPU = Release|Any CPU
	EndGlobalSection
	GlobalSection(ProjectConfigurationPlatforms) = postSolution
		{48D09EEB-EA96-4297-AAB6-3671634E3CAB}.Debug|Any CPU.ActiveCfg = Debug|Any CPU
		{48D09EEB-EA96-4297-AAB6-3671634E3CAB}.Debug|Any CPU.Build.0 = Debug|Any CPU
		{48D09EEB-EA96-4297-AAB6-3671634E3CAB}.Release|Any CPU.ActiveCfg = Release|Any CPU
		{48D09EEB-EA96-4297-AAB6-3671634E3CAB}.Release|Any CPU.Build.0 = Release|Any CPU
		{8B26C26F-ABCA-40F0-9A3E-176ED07544F6}.Debug|Any CPU.ActiveCfg = Debug|Any CPU
		{8B26C26F-ABCA-40F0-9A3E-176ED07544F6}.Debug|Any CPU.Build.0 = Debug|Any CPU
		{8B26C26F-ABCA-40F0-9A3E-176ED07544F6}.Release|Any CPU.ActiveCfg = Release|Any CPU
		{8B26C26F-ABCA-40F0-9A3E-176ED07544F6}.Release|Any CPU.Build.0 = Release|Any CPU
		{2185641A-5F54-43AA-9A8B-4F92B01F089B}.Debug|Any CPU.ActiveCfg = Debug|Any CPU
		{2185641A-5F54-43AA-9A8B-4F92B01F089B}.Debug|Any CPU.Build.0 = Debug|Any CPU
		{2185641A-5F54-43AA-9A8B-4F92B01F089B}.Release|Any CPU.ActiveCfg = Release|Any CPU
		{2185641A-5F54-43AA-9A8B-4F92B01F089B}.Release|Any CPU.Build.0 = Release|Any CPU
		{EB220AC1-E619-423D-86DE-D25AED9A5A26}.Debug|Any CPU.ActiveCfg = Debug|Any CPU
		{EB220AC1-E619-423D-86DE-D25AED9A5A26}.Debug|Any CPU.Build.0 = Debug|Any CPU
		{EB220AC1-E619-423D-86DE-D25AED9A5A26}.Release|Any CPU.ActiveCfg = Release|Any CPU
		{EB220AC1-E619-423D-86DE-D25AED9A5A26}.Release|Any CPU.Build.0 = Release|Any CPU
		{809FEE03-851D-4A7A-B82D-B129BC414125}.Debug|Any CPU.ActiveCfg = Debug|Any CPU
		{809FEE03-851D-4A7A-B82D-B129BC414125}.Debug|Any CPU.Build.0 = Debug|Any CPU
		{809FEE03-851D-4A7A-B82D-B129BC414125}.Release|Any CPU.ActiveCfg = Release|Any CPU
		{809FEE03-851D-4A7A-B82D-B129BC414125}.Release|Any CPU.Build.0 = Release|Any CPU
		{ED26E3D5-BE79-4B1A-9956-DD6E764C266A}.Debug|Any CPU.ActiveCfg = Debug|Any CPU
		{ED26E3D5-BE79-4B1A-9956-DD6E764C266A}.Release|Any CPU.ActiveCfg = Release|Any CPU
		{0D8CF81E-BEAF-4536-A050-8150354C456D}.Debug|Any CPU.ActiveCfg = Debug|Any CPU
		{0D8CF81E-BEAF-4536-A050-8150354C456D}.Debug|Any CPU.Build.0 = Debug|Any CPU
		{0D8CF81E-BEAF-4536-A050-8150354C456D}.Release|Any CPU.ActiveCfg = Release|Any CPU
		{0D8CF81E-BEAF-4536-A050-8150354C456D}.Release|Any CPU.Build.0 = Release|Any CPU
		{1B537D0F-391B-413A-876A-48D29FA9F20C}.Debug|Any CPU.ActiveCfg = Debug|Any CPU
		{1B537D0F-391B-413A-876A-48D29FA9F20C}.Debug|Any CPU.Build.0 = Debug|Any CPU
		{1B537D0F-391B-413A-876A-48D29FA9F20C}.Release|Any CPU.ActiveCfg = Release|Any CPU
		{1B537D0F-391B-413A-876A-48D29FA9F20C}.Release|Any CPU.Build.0 = Release|Any CPU
		{439B0F40-533C-4478-96A0-5B07B18C5E80}.Debug|Any CPU.ActiveCfg = Debug|Any CPU
		{439B0F40-533C-4478-96A0-5B07B18C5E80}.Debug|Any CPU.Build.0 = Debug|Any CPU
		{439B0F40-533C-4478-96A0-5B07B18C5E80}.Release|Any CPU.ActiveCfg = Release|Any CPU
		{439B0F40-533C-4478-96A0-5B07B18C5E80}.Release|Any CPU.Build.0 = Release|Any CPU
		{6F45D863-C8E3-4CE9-870F-2B3D8CA6474D}.Debug|Any CPU.ActiveCfg = Debug|Any CPU
		{6F45D863-C8E3-4CE9-870F-2B3D8CA6474D}.Debug|Any CPU.Build.0 = Debug|Any CPU
		{6F45D863-C8E3-4CE9-870F-2B3D8CA6474D}.Release|Any CPU.ActiveCfg = Release|Any CPU
		{6F45D863-C8E3-4CE9-870F-2B3D8CA6474D}.Release|Any CPU.Build.0 = Release|Any CPU
	EndGlobalSection
	GlobalSection(SolutionProperties) = preSolution
		HideSolutionNode = FALSE
	EndGlobalSection
	GlobalSection(NestedProjects) = preSolution
		{48D09EEB-EA96-4297-AAB6-3671634E3CAB} = {FE2D06AE-0421-4138-8F8F-D87E41A6B6F2}
		{8B26C26F-ABCA-40F0-9A3E-176ED07544F6} = {FE2D06AE-0421-4138-8F8F-D87E41A6B6F2}
		{2185641A-5F54-43AA-9A8B-4F92B01F089B} = {FE2D06AE-0421-4138-8F8F-D87E41A6B6F2}
		{EB220AC1-E619-423D-86DE-D25AED9A5A26} = {FE2D06AE-0421-4138-8F8F-D87E41A6B6F2}
		{ED26E3D5-BE79-4B1A-9956-DD6E764C266A} = {FE2D06AE-0421-4138-8F8F-D87E41A6B6F2}
	EndGlobalSection
	GlobalSection(ExtensibilityGlobals) = postSolution
		SolutionGuid = {C29CA3E1-F5E2-4C82-A120-713E4F2956DE}
	EndGlobalSection
EndGlobal
